// !$*UTF8*$!
{
	archiveVersion = 1;
	classes = {
	};
	objectVersion = 56;
	objects = {

/* Begin PBXBuildFile section */
		781F545829DDC8250002CBC5 /* AppDelegate.swift in Sources */ = {isa = PBXBuildFile; fileRef = 781F545729DDC8250002CBC5 /* AppDelegate.swift */; };
		781F545A29DDC8250002CBC5 /* SceneDelegate.swift in Sources */ = {isa = PBXBuildFile; fileRef = 781F545929DDC8250002CBC5 /* SceneDelegate.swift */; };
		781F545C29DDC8250002CBC5 /* ViewController.swift in Sources */ = {isa = PBXBuildFile; fileRef = 781F545B29DDC8250002CBC5 /* ViewController.swift */; };
		781F545F29DDC8250002CBC5 /* Main.storyboard in Resources */ = {isa = PBXBuildFile; fileRef = 781F545D29DDC8250002CBC5 /* Main.storyboard */; };
		781F546129DDC8260002CBC5 /* Assets.xcassets in Resources */ = {isa = PBXBuildFile; fileRef = 781F546029DDC8260002CBC5 /* Assets.xcassets */; };
		781F546429DDC8260002CBC5 /* LaunchScreen.storyboard in Resources */ = {isa = PBXBuildFile; fileRef = 781F546229DDC8260002CBC5 /* LaunchScreen.storyboard */; };
		7826356D29E9EE4E00A89FBA /* DataBaseViewController.swift in Sources */ = {isa = PBXBuildFile; fileRef = 7826356B29E9E39300A89FBA /* DataBaseViewController.swift */; };
		7826356F29E9FB9900A89FBA /* HeaderView.swift in Sources */ = {isa = PBXBuildFile; fileRef = 7826356E29E9FB9900A89FBA /* HeaderView.swift */; };
		789C25F729EB047A0021CF09 /* FooterView.swift in Sources */ = {isa = PBXBuildFile; fileRef = 789C25F629EB047A0021CF09 /* FooterView.swift */; };
		789C25FA29EB0B230021CF09 /* DeviceDetailViewController.swift in Sources */ = {isa = PBXBuildFile; fileRef = 789C25F929EB0B230021CF09 /* DeviceDetailViewController.swift */; };
		78B3710129EDA155009A94E6 /* TableUITestsLaunchTests.swift in Sources */ = {isa = PBXBuildFile; fileRef = 78B3710029EDA155009A94E6 /* TableUITestsLaunchTests.swift */; };
		78B3710929EDA4E2009A94E6 /* TableUITests.swift in Sources */ = {isa = PBXBuildFile; fileRef = 78B370FE29EDA155009A94E6 /* TableUITests.swift */; };
		78E1542E29DDE6510045370B /* TableViewCell.swift in Sources */ = {isa = PBXBuildFile; fileRef = 78E1542D29DDE6510045370B /* TableViewCell.swift */; };
/* End PBXBuildFile section */

/* Begin PBXContainerItemProxy section */
		78B3710229EDA155009A94E6 /* PBXContainerItemProxy */ = {
			isa = PBXContainerItemProxy;
			containerPortal = 781F544C29DDC8250002CBC5 /* Project object */;
			proxyType = 1;
			remoteGlobalIDString = 781F545329DDC8250002CBC5;
			remoteInfo = Table;
		};
/* End PBXContainerItemProxy section */

/* Begin PBXFileReference section */
		781F545429DDC8250002CBC5 /* Table.app */ = {isa = PBXFileReference; explicitFileType = wrapper.application; includeInIndex = 0; path = Table.app; sourceTree = BUILT_PRODUCTS_DIR; };
		781F545729DDC8250002CBC5 /* AppDelegate.swift */ = {isa = PBXFileReference; lastKnownFileType = sourcecode.swift; path = AppDelegate.swift; sourceTree = "<group>"; };
		781F545929DDC8250002CBC5 /* SceneDelegate.swift */ = {isa = PBXFileReference; lastKnownFileType = sourcecode.swift; path = SceneDelegate.swift; sourceTree = "<group>"; };
		781F545B29DDC8250002CBC5 /* ViewController.swift */ = {isa = PBXFileReference; lastKnownFileType = sourcecode.swift; path = ViewController.swift; sourceTree = "<group>"; };
		781F545E29DDC8250002CBC5 /* Base */ = {isa = PBXFileReference; lastKnownFileType = file.storyboard; name = Base; path = Base.lproj/Main.storyboard; sourceTree = "<group>"; };
		781F546029DDC8260002CBC5 /* Assets.xcassets */ = {isa = PBXFileReference; lastKnownFileType = folder.assetcatalog; path = Assets.xcassets; sourceTree = "<group>"; };
		781F546329DDC8260002CBC5 /* Base */ = {isa = PBXFileReference; lastKnownFileType = file.storyboard; name = Base; path = Base.lproj/LaunchScreen.storyboard; sourceTree = "<group>"; };
		781F546529DDC8260002CBC5 /* Info.plist */ = {isa = PBXFileReference; lastKnownFileType = text.plist.xml; path = Info.plist; sourceTree = "<group>"; };
		7826356B29E9E39300A89FBA /* DataBaseViewController.swift */ = {isa = PBXFileReference; lastKnownFileType = sourcecode.swift; path = DataBaseViewController.swift; sourceTree = "<group>"; };
		7826356E29E9FB9900A89FBA /* HeaderView.swift */ = {isa = PBXFileReference; lastKnownFileType = sourcecode.swift; path = HeaderView.swift; sourceTree = "<group>"; };
		789C25F629EB047A0021CF09 /* FooterView.swift */ = {isa = PBXFileReference; lastKnownFileType = sourcecode.swift; path = FooterView.swift; sourceTree = "<group>"; };
		789C25F929EB0B230021CF09 /* DeviceDetailViewController.swift */ = {isa = PBXFileReference; lastKnownFileType = sourcecode.swift; path = DeviceDetailViewController.swift; sourceTree = "<group>"; };
		78B370FC29EDA155009A94E6 /* TableUITests.xctest */ = {isa = PBXFileReference; explicitFileType = wrapper.cfbundle; includeInIndex = 0; path = TableUITests.xctest; sourceTree = BUILT_PRODUCTS_DIR; };
		78B370FE29EDA155009A94E6 /* TableUITests.swift */ = {isa = PBXFileReference; lastKnownFileType = sourcecode.swift; path = TableUITests.swift; sourceTree = "<group>"; };
		78B3710029EDA155009A94E6 /* TableUITestsLaunchTests.swift */ = {isa = PBXFileReference; lastKnownFileType = sourcecode.swift; path = TableUITestsLaunchTests.swift; sourceTree = "<group>"; };
		78E1542D29DDE6510045370B /* TableViewCell.swift */ = {isa = PBXFileReference; lastKnownFileType = sourcecode.swift; path = TableViewCell.swift; sourceTree = "<group>"; };
/* End PBXFileReference section */

/* Begin PBXFrameworksBuildPhase section */
		781F545129DDC8250002CBC5 /* Frameworks */ = {
			isa = PBXFrameworksBuildPhase;
			buildActionMask = 2147483647;
			files = (
			);
			runOnlyForDeploymentPostprocessing = 0;
		};
		78B370F929EDA155009A94E6 /* Frameworks */ = {
			isa = PBXFrameworksBuildPhase;
			buildActionMask = 2147483647;
			files = (
			);
			runOnlyForDeploymentPostprocessing = 0;
		};
/* End PBXFrameworksBuildPhase section */

/* Begin PBXGroup section */
		781F544B29DDC8250002CBC5 = {
			isa = PBXGroup;
			children = (
				781F545629DDC8250002CBC5 /* Table */,
				78B370FD29EDA155009A94E6 /* TableUITests */,
				781F545529DDC8250002CBC5 /* Products */,
			);
			sourceTree = "<group>";
		};
		781F545529DDC8250002CBC5 /* Products */ = {
			isa = PBXGroup;
			children = (
				781F545429DDC8250002CBC5 /* Table.app */,
				78B370FC29EDA155009A94E6 /* TableUITests.xctest */,
			);
			name = Products;
			sourceTree = "<group>";
		};
		781F545629DDC8250002CBC5 /* Table */ = {
			isa = PBXGroup;
			children = (
				789C25F829EB0B000021CF09 /* detailViewController */,
				7826356A29E9E35200A89FBA /* data */,
				78E1542C29DDE5450045370B /* ownCell */,
				781F545729DDC8250002CBC5 /* AppDelegate.swift */,
				781F545929DDC8250002CBC5 /* SceneDelegate.swift */,
				781F545B29DDC8250002CBC5 /* ViewController.swift */,
				781F545D29DDC8250002CBC5 /* Main.storyboard */,
				781F546029DDC8260002CBC5 /* Assets.xcassets */,
				781F546229DDC8260002CBC5 /* LaunchScreen.storyboard */,
				781F546529DDC8260002CBC5 /* Info.plist */,
			);
			path = Table;
			sourceTree = "<group>";
		};
		7826356A29E9E35200A89FBA /* data */ = {
			isa = PBXGroup;
			children = (
				7826356B29E9E39300A89FBA /* DataBaseViewController.swift */,
			);
			path = data;
			sourceTree = "<group>";
		};
		789C25F829EB0B000021CF09 /* detailViewController */ = {
			isa = PBXGroup;
			children = (
				789C25F929EB0B230021CF09 /* DeviceDetailViewController.swift */,
			);
			path = detailViewController;
			sourceTree = "<group>";
		};
		78B370FD29EDA155009A94E6 /* TableUITests */ = {
			isa = PBXGroup;
			children = (
				78B370FE29EDA155009A94E6 /* TableUITests.swift */,
				78B3710029EDA155009A94E6 /* TableUITestsLaunchTests.swift */,
			);
			path = TableUITests;
			sourceTree = "<group>";
		};
		78E1542C29DDE5450045370B /* ownCell */ = {
			isa = PBXGroup;
			children = (
				78E1542D29DDE6510045370B /* TableViewCell.swift */,
				7826356E29E9FB9900A89FBA /* HeaderView.swift */,
				789C25F629EB047A0021CF09 /* FooterView.swift */,
			);
			path = ownCell;
			sourceTree = "<group>";
		};
/* End PBXGroup section */

/* Begin PBXNativeTarget section */
		781F545329DDC8250002CBC5 /* Table */ = {
			isa = PBXNativeTarget;
			buildConfigurationList = 781F546829DDC8260002CBC5 /* Build configuration list for PBXNativeTarget "Table" */;
			buildPhases = (
				781F545029DDC8250002CBC5 /* Sources */,
				781F545129DDC8250002CBC5 /* Frameworks */,
				781F545229DDC8250002CBC5 /* Resources */,
			);
			buildRules = (
			);
			dependencies = (
			);
			name = Table;
			productName = Table;
			productReference = 781F545429DDC8250002CBC5 /* Table.app */;
			productType = "com.apple.product-type.application";
		};
		78B370FB29EDA155009A94E6 /* TableUITests */ = {
			isa = PBXNativeTarget;
			buildConfigurationList = 78B3710429EDA155009A94E6 /* Build configuration list for PBXNativeTarget "TableUITests" */;
			buildPhases = (
				78B370F829EDA155009A94E6 /* Sources */,
				78B370F929EDA155009A94E6 /* Frameworks */,
				78B370FA29EDA155009A94E6 /* Resources */,
			);
			buildRules = (
			);
			dependencies = (
				78B3710329EDA155009A94E6 /* PBXTargetDependency */,
			);
			name = TableUITests;
			productName = TableUITests;
			productReference = 78B370FC29EDA155009A94E6 /* TableUITests.xctest */;
			productType = "com.apple.product-type.bundle.ui-testing";
		};
/* End PBXNativeTarget section */

/* Begin PBXProject section */
		781F544C29DDC8250002CBC5 /* Project object */ = {
			isa = PBXProject;
			attributes = {
				BuildIndependentTargetsInParallel = 1;
				LastSwiftUpdateCheck = 1420;
				LastUpgradeCheck = 1420;
				TargetAttributes = {
					781F545329DDC8250002CBC5 = {
						CreatedOnToolsVersion = 14.2;
					};
					78B370FB29EDA155009A94E6 = {
						CreatedOnToolsVersion = 14.2;
						TestTargetID = 781F545329DDC8250002CBC5;
					};
				};
			};
			buildConfigurationList = 781F544F29DDC8250002CBC5 /* Build configuration list for PBXProject "Table" */;
			compatibilityVersion = "Xcode 14.0";
			developmentRegion = en;
			hasScannedForEncodings = 0;
			knownRegions = (
				en,
				Base,
			);
			mainGroup = 781F544B29DDC8250002CBC5;
			productRefGroup = 781F545529DDC8250002CBC5 /* Products */;
			projectDirPath = "";
			projectRoot = "";
			targets = (
				781F545329DDC8250002CBC5 /* Table */,
				78B370FB29EDA155009A94E6 /* TableUITests */,
			);
		};
/* End PBXProject section */

/* Begin PBXResourcesBuildPhase section */
		781F545229DDC8250002CBC5 /* Resources */ = {
			isa = PBXResourcesBuildPhase;
			buildActionMask = 2147483647;
			files = (
				781F546429DDC8260002CBC5 /* LaunchScreen.storyboard in Resources */,
				781F546129DDC8260002CBC5 /* Assets.xcassets in Resources */,
				781F545F29DDC8250002CBC5 /* Main.storyboard in Resources */,
			);
			runOnlyForDeploymentPostprocessing = 0;
		};
		78B370FA29EDA155009A94E6 /* Resources */ = {
			isa = PBXResourcesBuildPhase;
			buildActionMask = 2147483647;
			files = (
			);
			runOnlyForDeploymentPostprocessing = 0;
		};
/* End PBXResourcesBuildPhase section */

/* Begin PBXSourcesBuildPhase section */
		781F545029DDC8250002CBC5 /* Sources */ = {
			isa = PBXSourcesBuildPhase;
			buildActionMask = 2147483647;
			files = (
				7826356F29E9FB9900A89FBA /* HeaderView.swift in Sources */,
				781F545C29DDC8250002CBC5 /* ViewController.swift in Sources */,
				789C25FA29EB0B230021CF09 /* DeviceDetailViewController.swift in Sources */,
				78E1542E29DDE6510045370B /* TableViewCell.swift in Sources */,
				781F545829DDC8250002CBC5 /* AppDelegate.swift in Sources */,
				789C25F729EB047A0021CF09 /* FooterView.swift in Sources */,
				7826356D29E9EE4E00A89FBA /* DataBaseViewController.swift in Sources */,
				781F545A29DDC8250002CBC5 /* SceneDelegate.swift in Sources */,
			);
			runOnlyForDeploymentPostprocessing = 0;
		};
		78B370F829EDA155009A94E6 /* Sources */ = {
			isa = PBXSourcesBuildPhase;
			buildActionMask = 2147483647;
			files = (
				78B3710929EDA4E2009A94E6 /* TableUITests.swift in Sources */,
				78B3710129EDA155009A94E6 /* TableUITestsLaunchTests.swift in Sources */,
			);
			runOnlyForDeploymentPostprocessing = 0;
		};
/* End PBXSourcesBuildPhase section */

/* Begin PBXTargetDependency section */
		78B3710329EDA155009A94E6 /* PBXTargetDependency */ = {
			isa = PBXTargetDependency;
			target = 781F545329DDC8250002CBC5 /* Table */;
			targetProxy = 78B3710229EDA155009A94E6 /* PBXContainerItemProxy */;
		};
/* End PBXTargetDependency section */

/* Begin PBXVariantGroup section */
		781F545D29DDC8250002CBC5 /* Main.storyboard */ = {
			isa = PBXVariantGroup;
			children = (
				781F545E29DDC8250002CBC5 /* Base */,
			);
			name = Main.storyboard;
			sourceTree = "<group>";
		};
		781F546229DDC8260002CBC5 /* LaunchScreen.storyboard */ = {
			isa = PBXVariantGroup;
			children = (
				781F546329DDC8260002CBC5 /* Base */,
			);
			name = LaunchScreen.storyboard;
			sourceTree = "<group>";
		};
/* End PBXVariantGroup section */

/* Begin XCBuildConfiguration section */
		781F546629DDC8260002CBC5 /* Debug */ = {
			isa = XCBuildConfiguration;
			buildSettings = {
				ALWAYS_SEARCH_USER_PATHS = NO;
				CLANG_ANALYZER_NONNULL = YES;
				CLANG_ANALYZER_NUMBER_OBJECT_CONVERSION = YES_AGGRESSIVE;
				CLANG_CXX_LANGUAGE_STANDARD = "gnu++20";
				CLANG_ENABLE_MODULES = YES;
				CLANG_ENABLE_OBJC_ARC = YES;
				CLANG_ENABLE_OBJC_WEAK = YES;
				CLANG_WARN_BLOCK_CAPTURE_AUTORELEASING = YES;
				CLANG_WARN_BOOL_CONVERSION = YES;
				CLANG_WARN_COMMA = YES;
				CLANG_WARN_CONSTANT_CONVERSION = YES;
				CLANG_WARN_DEPRECATED_OBJC_IMPLEMENTATIONS = YES;
				CLANG_WARN_DIRECT_OBJC_ISA_USAGE = YES_ERROR;
				CLANG_WARN_DOCUMENTATION_COMMENTS = YES;
				CLANG_WARN_EMPTY_BODY = YES;
				CLANG_WARN_ENUM_CONVERSION = YES;
				CLANG_WARN_INFINITE_RECURSION = YES;
				CLANG_WARN_INT_CONVERSION = YES;
				CLANG_WARN_NON_LITERAL_NULL_CONVERSION = YES;
				CLANG_WARN_OBJC_IMPLICIT_RETAIN_SELF = YES;
				CLANG_WARN_OBJC_LITERAL_CONVERSION = YES;
				CLANG_WARN_OBJC_ROOT_CLASS = YES_ERROR;
				CLANG_WARN_QUOTED_INCLUDE_IN_FRAMEWORK_HEADER = YES;
				CLANG_WARN_RANGE_LOOP_ANALYSIS = YES;
				CLANG_WARN_STRICT_PROTOTYPES = YES;
				CLANG_WARN_SUSPICIOUS_MOVE = YES;
				CLANG_WARN_UNGUARDED_AVAILABILITY = YES_AGGRESSIVE;
				CLANG_WARN_UNREACHABLE_CODE = YES;
				CLANG_WARN__DUPLICATE_METHOD_MATCH = YES;
				COPY_PHASE_STRIP = NO;
				DEBUG_INFORMATION_FORMAT = dwarf;
				ENABLE_STRICT_OBJC_MSGSEND = YES;
				ENABLE_TESTABILITY = YES;
				GCC_C_LANGUAGE_STANDARD = gnu11;
				GCC_DYNAMIC_NO_PIC = NO;
				GCC_NO_COMMON_BLOCKS = YES;
				GCC_OPTIMIZATION_LEVEL = 0;
				GCC_PREPROCESSOR_DEFINITIONS = (
					"DEBUG=1",
					"$(inherited)",
				);
				GCC_WARN_64_TO_32_BIT_CONVERSION = YES;
				GCC_WARN_ABOUT_RETURN_TYPE = YES_ERROR;
				GCC_WARN_UNDECLARED_SELECTOR = YES;
				GCC_WARN_UNINITIALIZED_AUTOS = YES_AGGRESSIVE;
				GCC_WARN_UNUSED_FUNCTION = YES;
				GCC_WARN_UNUSED_VARIABLE = YES;
				IPHONEOS_DEPLOYMENT_TARGET = 16.2;
				MTL_ENABLE_DEBUG_INFO = INCLUDE_SOURCE;
				MTL_FAST_MATH = YES;
				ONLY_ACTIVE_ARCH = YES;
				SDKROOT = iphoneos;
				SWIFT_ACTIVE_COMPILATION_CONDITIONS = DEBUG;
				SWIFT_OPTIMIZATION_LEVEL = "-Onone";
			};
			name = Debug;
		};
		781F546729DDC8260002CBC5 /* Release */ = {
			isa = XCBuildConfiguration;
			buildSettings = {
				ALWAYS_SEARCH_USER_PATHS = NO;
				CLANG_ANALYZER_NONNULL = YES;
				CLANG_ANALYZER_NUMBER_OBJECT_CONVERSION = YES_AGGRESSIVE;
				CLANG_CXX_LANGUAGE_STANDARD = "gnu++20";
				CLANG_ENABLE_MODULES = YES;
				CLANG_ENABLE_OBJC_ARC = YES;
				CLANG_ENABLE_OBJC_WEAK = YES;
				CLANG_WARN_BLOCK_CAPTURE_AUTORELEASING = YES;
				CLANG_WARN_BOOL_CONVERSION = YES;
				CLANG_WARN_COMMA = YES;
				CLANG_WARN_CONSTANT_CONVERSION = YES;
				CLANG_WARN_DEPRECATED_OBJC_IMPLEMENTATIONS = YES;
				CLANG_WARN_DIRECT_OBJC_ISA_USAGE = YES_ERROR;
				CLANG_WARN_DOCUMENTATION_COMMENTS = YES;
				CLANG_WARN_EMPTY_BODY = YES;
				CLANG_WARN_ENUM_CONVERSION = YES;
				CLANG_WARN_INFINITE_RECURSION = YES;
				CLANG_WARN_INT_CONVERSION = YES;
				CLANG_WARN_NON_LITERAL_NULL_CONVERSION = YES;
				CLANG_WARN_OBJC_IMPLICIT_RETAIN_SELF = YES;
				CLANG_WARN_OBJC_LITERAL_CONVERSION = YES;
				CLANG_WARN_OBJC_ROOT_CLASS = YES_ERROR;
				CLANG_WARN_QUOTED_INCLUDE_IN_FRAMEWORK_HEADER = YES;
				CLANG_WARN_RANGE_LOOP_ANALYSIS = YES;
				CLANG_WARN_STRICT_PROTOTYPES = YES;
				CLANG_WARN_SUSPICIOUS_MOVE = YES;
				CLANG_WARN_UNGUARDED_AVAILABILITY = YES_AGGRESSIVE;
				CLANG_WARN_UNREACHABLE_CODE = YES;
				CLANG_WARN__DUPLICATE_METHOD_MATCH = YES;
				COPY_PHASE_STRIP = NO;
				DEBUG_INFORMATION_FORMAT = "dwarf-with-dsym";
				ENABLE_NS_ASSERTIONS = NO;
				ENABLE_STRICT_OBJC_MSGSEND = YES;
				GCC_C_LANGUAGE_STANDARD = gnu11;
				GCC_NO_COMMON_BLOCKS = YES;
				GCC_WARN_64_TO_32_BIT_CONVERSION = YES;
				GCC_WARN_ABOUT_RETURN_TYPE = YES_ERROR;
				GCC_WARN_UNDECLARED_SELECTOR = YES;
				GCC_WARN_UNINITIALIZED_AUTOS = YES_AGGRESSIVE;
				GCC_WARN_UNUSED_FUNCTION = YES;
				GCC_WARN_UNUSED_VARIABLE = YES;
				IPHONEOS_DEPLOYMENT_TARGET = 16.2;
				MTL_ENABLE_DEBUG_INFO = NO;
				MTL_FAST_MATH = YES;
				SDKROOT = iphoneos;
				SWIFT_COMPILATION_MODE = wholemodule;
				SWIFT_OPTIMIZATION_LEVEL = "-O";
				VALIDATE_PRODUCT = YES;
			};
			name = Release;
		};
		781F546929DDC8260002CBC5 /* Debug */ = {
			isa = XCBuildConfiguration;
			buildSettings = {
				ASSETCATALOG_COMPILER_APPICON_NAME = AppIcon;
				ASSETCATALOG_COMPILER_GLOBAL_ACCENT_COLOR_NAME = AccentColor;
				CODE_SIGN_STYLE = Automatic;
				CURRENT_PROJECT_VERSION = 1;
				DEVELOPMENT_TEAM = 3MQ43U9P4J;
				GENERATE_INFOPLIST_FILE = YES;
				INFOPLIST_FILE = Table/Info.plist;
				INFOPLIST_KEY_UIApplicationSupportsIndirectInputEvents = YES;
				INFOPLIST_KEY_UILaunchStoryboardName = LaunchScreen;
				INFOPLIST_KEY_UIMainStoryboardFile = Main;
				INFOPLIST_KEY_UISupportedInterfaceOrientations_iPad = "UIInterfaceOrientationPortrait UIInterfaceOrientationPortraitUpsideDown UIInterfaceOrientationLandscapeLeft UIInterfaceOrientationLandscapeRight";
				INFOPLIST_KEY_UISupportedInterfaceOrientations_iPhone = "UIInterfaceOrientationPortrait UIInterfaceOrientationLandscapeLeft UIInterfaceOrientationLandscapeRight";
				LD_RUNPATH_SEARCH_PATHS = (
					"$(inherited)",
					"@executable_path/Frameworks",
				);
				MARKETING_VERSION = 1.0;
				PRODUCT_BUNDLE_IDENTIFIER = "artem-test-organisation.Table";
				PRODUCT_NAME = "$(TARGET_NAME)";
				SUPPORTED_PLATFORMS = "iphoneos iphonesimulator";
				SUPPORTS_MACCATALYST = NO;
				SUPPORTS_MAC_DESIGNED_FOR_IPHONE_IPAD = NO;
				SWIFT_EMIT_LOC_STRINGS = YES;
				SWIFT_VERSION = 5.0;
				TARGETED_DEVICE_FAMILY = "1,2";
			};
			name = Debug;
		};
		781F546A29DDC8260002CBC5 /* Release */ = {
			isa = XCBuildConfiguration;
			buildSettings = {
				ASSETCATALOG_COMPILER_APPICON_NAME = AppIcon;
				ASSETCATALOG_COMPILER_GLOBAL_ACCENT_COLOR_NAME = AccentColor;
				CODE_SIGN_STYLE = Automatic;
				CURRENT_PROJECT_VERSION = 1;
				DEVELOPMENT_TEAM = 3MQ43U9P4J;
				GENERATE_INFOPLIST_FILE = YES;
				INFOPLIST_FILE = Table/Info.plist;
				INFOPLIST_KEY_UIApplicationSupportsIndirectInputEvents = YES;
				INFOPLIST_KEY_UILaunchStoryboardName = LaunchScreen;
				INFOPLIST_KEY_UIMainStoryboardFile = Main;
				INFOPLIST_KEY_UISupportedInterfaceOrientations_iPad = "UIInterfaceOrientationPortrait UIInterfaceOrientationPortraitUpsideDown UIInterfaceOrientationLandscapeLeft UIInterfaceOrientationLandscapeRight";
				INFOPLIST_KEY_UISupportedInterfaceOrientations_iPhone = "UIInterfaceOrientationPortrait UIInterfaceOrientationLandscapeLeft UIInterfaceOrientationLandscapeRight";
				LD_RUNPATH_SEARCH_PATHS = (
					"$(inherited)",
					"@executable_path/Frameworks",
				);
				MARKETING_VERSION = 1.0;
				PRODUCT_BUNDLE_IDENTIFIER = "artem-test-organisation.Table";
				PRODUCT_NAME = "$(TARGET_NAME)";
				SUPPORTED_PLATFORMS = "iphoneos iphonesimulator";
				SUPPORTS_MACCATALYST = NO;
				SUPPORTS_MAC_DESIGNED_FOR_IPHONE_IPAD = NO;
				SWIFT_EMIT_LOC_STRINGS = YES;
				SWIFT_VERSION = 5.0;
				TARGETED_DEVICE_FAMILY = "1,2";
			};
			name = Release;
		};
		78B3710529EDA155009A94E6 /* Debug */ = {
			isa = XCBuildConfiguration;
			buildSettings = {
				CODE_SIGN_STYLE = Automatic;
				CURRENT_PROJECT_VERSION = 1;
				DEVELOPMENT_TEAM = 3MQ43U9P4J;
				GENERATE_INFOPLIST_FILE = YES;
				MARKETING_VERSION = 1.0;
				PRODUCT_BUNDLE_IDENTIFIER = "artem-test-organisation.TableUITests";
				PRODUCT_NAME = "$(TARGET_NAME)";
				SWIFT_EMIT_LOC_STRINGS = NO;
				SWIFT_VERSION = 5.0;
				TARGETED_DEVICE_FAMILY = "1,2";
				TEST_TARGET_NAME = Table;
			};
			name = Debug;
		};
		78B3710629EDA155009A94E6 /* Release */ = {
			isa = XCBuildConfiguration;
			buildSettings = {
				CODE_SIGN_STYLE = Automatic;
				CURRENT_PROJECT_VERSION = 1;
				DEVELOPMENT_TEAM = 3MQ43U9P4J;
				GENERATE_INFOPLIST_FILE = YES;
				MARKETING_VERSION = 1.0;
				PRODUCT_BUNDLE_IDENTIFIER = "artem-test-organisation.TableUITests";
				PRODUCT_NAME = "$(TARGET_NAME)";
				SWIFT_EMIT_LOC_STRINGS = NO;
				SWIFT_VERSION = 5.0;
				TARGETED_DEVICE_FAMILY = "1,2";
				TEST_TARGET_NAME = Table;
			};
			name = Release;
		};
/* End XCBuildConfiguration section */

/* Begin XCConfigurationList section */
		781F544F29DDC8250002CBC5 /* Build configuration list for PBXProject "Table" */ = {
			isa = XCConfigurationList;
			buildConfigurations = (
				781F546629DDC8260002CBC5 /* Debug */,
				781F546729DDC8260002CBC5 /* Release */,
			);
			defaultConfigurationIsVisible = 0;
			defaultConfigurationName = Release;
		};
		781F546829DDC8260002CBC5 /* Build configuration list for PBXNativeTarget "Table" */ = {
			isa = XCConfigurationList;
			buildConfigurations = (
				781F546929DDC8260002CBC5 /* Debug */,
				781F546A29DDC8260002CBC5 /* Release */,
			);
			defaultConfigurationIsVisible = 0;
			defaultConfigurationName = Release;
		};
		78B3710429EDA155009A94E6 /* Build configuration list for PBXNativeTarget "TableUITests" */ = {
			isa = XCConfigurationList;
			buildConfigurations = (
				78B3710529EDA155009A94E6 /* Debug */,
				78B3710629EDA155009A94E6 /* Release */,
			);
			defaultConfigurationIsVisible = 0;
			defaultConfigurationName = Release;
		};
/* End XCConfigurationList section */
	};
	rootObject = 781F544C29DDC8250002CBC5 /* Project object */;
}
